
Microsoft Visual Studio Solution File, Format Version 12.00
# Visual Studio 15
VisualStudioVersion = 15.0.28307.1259
MinimumVisualStudioVersion = 10.0.40219.1
Project("{8BC9CEB8-8B4A-11D0-8D11-00A0C91BC942}") = "simplewriter", "simplewriter\simplewriter.vcxproj", "{10D58444-0B4C-4F13-B5DB-28B54A5AB565}"
EndProject
Global
	GlobalSection(SolutionConfigurationPlatforms) = preSolution
		Debug|x64 = Debug|x64
		Debug|x86 = Debug|x86
		Release|x64 = Release|x64
		Release|x86 = Release|x86
	EndGlobalSection
	GlobalSection(ProjectConfigurationPlatforms) = postSolution
		{10D58444-0B4C-4F13-B5DB-28B54A5AB565}.Debug|x64.ActiveCfg = Debug|x64
		{10D58444-0B4C-4F13-B5DB-28B54A5AB565}.Debug|x64.Build.0 = Debug|x64
		{10D58444-0B4C-4F13-B5DB-28B54A5AB565}.Debug|x86.ActiveCfg = Debug|Win32
		{10D58444-0B4C-4F13-B5DB-28B54A5AB565}.Debug|x86.Build.0 = Debug|Win32
		{10D58444-0B4C-4F13-B5DB-28B54A5AB565}.Release|x64.ActiveCfg = Release|x64
		{10D58444-0B4C-4F13-B5DB-28B54A5AB565}.Release|x64.Build.0 = Release|x64
		{10D58444-0B4C-4F13-B5DB-28B54A5AB565}.Release|x86.ActiveCfg = Release|Win32
		{10D58444-0B4C-4F13-B5DB-28B54A5AB565}.Release|x86.Build.0 = Release|Win32
	EndGlobalSection
	GlobalSection(SolutionProperties) = preSolution
		HideSolutionNode = FALSE
	EndGlobalSection
	GlobalSection(ExtensibilityGlobals) = postSolution
		SolutionGuid = {51D4BA50-90F0-45DF-A647-8CF397DAFEEA}
	EndGlobalSection
EndGlobal
